
Microsoft Visual Studio Solution File, Format Version 12.00
# Visual Studio Version 17
VisualStudioVersion = 17.14.36930.0 d17.14
MinimumVisualStudioVersion = 10.0.40219.1
Project("{FAE04EC0-301F-11D3-BF4B-00C04F79EFBC}") = "CoreAdmin ERP", "CoreAdmin ERP\CoreAdmin ERP.csproj", "{35F5C329-CED3-408F-ABDD-0CD8D7D434F8}"
EndProject
Global
	GlobalSection(SolutionConfigurationPlatforms) = preSolution
		Debug|Any CPU = Debug|Any CPU
		Release|Any CPU = Release|Any CPU
	EndGlobalSection
	GlobalSection(ProjectConfigurationPlatforms) = postSolution
		{35F5C329-CED3-408F-ABDD-0CD8D7D434F8}.Debug|Any CPU.ActiveCfg = Debug|Any CPU
		{35F5C329-CED3-408F-ABDD-0CD8D7D434F8}.Debug|Any CPU.Build.0 = Debug|Any CPU
		{35F5C329-CED3-408F-ABDD-0CD8D7D434F8}.Release|Any CPU.ActiveCfg = Release|Any CPU
		{35F5C329-CED3-408F-ABDD-0CD8D7D434F8}.Release|Any CPU.Build.0 = Release|Any CPU
	EndGlobalSection
	GlobalSection(SolutionProperties) = preSolution
		HideSolutionNode = FALSE
	EndGlobalSection
	GlobalSection(ExtensibilityGlobals) = postSolution
		SolutionGuid = {B6777396-3DD2-40A8-A5B9-4B25D88CD5EC}
	EndGlobalSection
EndGlobal
